{
  "nodes": {
    "helium": {
      "inputs": {
        "nixpkgs": [
          "nixpkgs"
        ]
      },
      "locked": {
        "lastModified": 1786178332,
        "narHash": "sha256-7/tC7YYrCVn8ppMpeq3MTd5hhJHaODjlMZE37SGwTAs=",
        "owner": "oxcl",
        "repo": "nix-flake-helium-browser",
        "rev": "934c50afe8c33cdd6d403691937bd955a2d1b334",
        "type": "github"
      },
      "original": {
        "owner": "oxcl",
        "repo": "nix-flake-helium-browser",
        "type": "github"
      }
    },
    "home-manager": {
      "inputs": {
        "nixpkgs": [
          "nixpkgs"
        ]
      },
      "locked": {
        "lastModified": 1786501082,
        "narHash": "sha256-ROC70hdloiAY74yodpAgT0sP1dmYk+vchjYsrfmhfiM=",
        "owner": "nix-community",
        "repo": "home-manager",
        "rev": "99e84ee7387ff24cd112ff51f71c3465eb9cb770",
        "type": "github"
      },
      "original": {
        "owner": "nix-community",
        "repo": "home-manager",
        "type": "github"
      }
    },
    "nixpkgs": {
      "locked": {
        "lastModified": 1786384358,
        "narHash": "sha256-RzPPiWeUtuvymnpuEWsdtzli5w4kjZs49FqEs3/1u+I=",
        "owner": "nixos",
        "repo": "nixpkgs",
        "rev": "2fcb964de67fcf60b43471c55d5d99e61a9ccb5a",
        "type": "github"
      },
      "original": {
        "owner": "nixos",
        "ref": "nixos-unstable",
        "repo": "nixpkgs",
        "type": "github"
      }
    },
    "noctalia": {
      "inputs": {
        "nixpkgs": [
          "nixpkgs"
        ]
      },
      "locked": {
        "lastModified": 1786499996,
        "narHash": "sha256-OUYo5wttl2nyHeZ2U7VG+aCSFwvpej6ADn2d0YfylRA=",
        "owner": "noctalia-dev",
        "repo": "noctalia-shell",
        "rev": "451c391cb0cdf3303f4f74473c4129c22dcd0e46",
        "type": "github"
      },
      "original": {
        "owner": "noctalia-dev",
        "repo": "noctalia-shell",
        "type": "github"
      }
    },
    "root": {
      "inputs": {
        "helium": "helium",
        "home-manager": "home-manager",
        "nixpkgs": "nixpkgs",
        "noctalia": "noctalia"
      }
    }
  },
  "root": "root",
  "version": 7
}
